// !$*UTF8*$!
{
	archiveVersion = 1;
	classes = {
	};
	objectVersion = 51;
	objects = {

/* Begin PBXBuildFile section */
		5F089E8EA776FE688AC226E9 /* Pods_Hackathon20.framework in Frameworks */ = {isa = PBXBuildFile; fileRef = 2328AFBA55EDF57B72AD8A76 /* Pods_Hackathon20.framework */; };
		7857CC9F260DEC0F0069C47B /* Model.swift in Sources */ = {isa = PBXBuildFile; fileRef = 7857CC9E260DEC0F0069C47B /* Model.swift */; };
		78CE80B4260CEE3C00114487 /* AppDelegate.swift in Sources */ = {isa = PBXBuildFile; fileRef = 78CE80B3260CEE3C00114487 /* AppDelegate.swift */; };
		78CE80B6260CEE3C00114487 /* SceneDelegate.swift in Sources */ = {isa = PBXBuildFile; fileRef = 78CE80B5260CEE3C00114487 /* SceneDelegate.swift */; };
		78CE80B8260CEE3C00114487 /* ViewController.swift in Sources */ = {isa = PBXBuildFile; fileRef = 78CE80B7260CEE3C00114487 /* ViewController.swift */; };
		78CE80BB260CEE3C00114487 /* Main.storyboard in Resources */ = {isa = PBXBuildFile; fileRef = 78CE80B9260CEE3C00114487 /* Main.storyboard */; };
		78CE80BD260CEE4000114487 /* Assets.xcassets in Resources */ = {isa = PBXBuildFile; fileRef = 78CE80BC260CEE4000114487 /* Assets.xcassets */; };
		78CE80C0260CEE4000114487 /* LaunchScreen.storyboard in Resources */ = {isa = PBXBuildFile; fileRef = 78CE80BE260CEE4000114487 /* LaunchScreen.storyboard */; };
		78CE80C9260CF18A00114487 /* OperationViewController.swift in Sources */ = {isa = PBXBuildFile; fileRef = 78CE80C8260CF18A00114487 /* OperationViewController.swift */; };
/* End PBXBuildFile section */

/* Begin PBXFileReference section */
		16212DD66EDD31E1E5D2FE1A /* Pods-Hackathon20.debug.xcconfig */ = {isa = PBXFileReference; includeInIndex = 1; lastKnownFileType = text.xcconfig; name = "Pods-Hackathon20.debug.xcconfig"; path = "Target Support Files/Pods-Hackathon20/Pods-Hackathon20.debug.xcconfig"; sourceTree = "<group>"; };
		2328AFBA55EDF57B72AD8A76 /* Pods_Hackathon20.framework */ = {isa = PBXFileReference; explicitFileType = wrapper.framework; includeInIndex = 0; path = Pods_Hackathon20.framework; sourceTree = BUILT_PRODUCTS_DIR; };
		2439B9D05A2CF58395C8A997 /* Pods-Hackathon20.release.xcconfig */ = {isa = PBXFileReference; includeInIndex = 1; lastKnownFileType = text.xcconfig; name = "Pods-Hackathon20.release.xcconfig"; path = "Target Support Files/Pods-Hackathon20/Pods-Hackathon20.release.xcconfig"; sourceTree = "<group>"; };
		7857CC9E260DEC0F0069C47B /* Model.swift */ = {isa = PBXFileReference; fileEncoding = 4; lastKnownFileType = sourcecode.swift; path = Model.swift; sourceTree = "<group>"; };
		78CE80B0260CEE3C00114487 /* Hackathon20.app */ = {isa = PBXFileReference; explicitFileType = wrapper.application; includeInIndex = 0; path = Hackathon20.app; sourceTree = BUILT_PRODUCTS_DIR; };
		78CE80B3260CEE3C00114487 /* AppDelegate.swift */ = {isa = PBXFileReference; lastKnownFileType = sourcecode.swift; path = AppDelegate.swift; sourceTree = "<group>"; };
		78CE80B5260CEE3C00114487 /* SceneDelegate.swift */ = {isa = PBXFileReference; lastKnownFileType = sourcecode.swift; path = SceneDelegate.swift; sourceTree = "<group>"; };
		78CE80B7260CEE3C00114487 /* ViewController.swift */ = {isa = PBXFileReference; lastKnownFileType = sourcecode.swift; path = ViewController.swift; sourceTree = "<group>"; };
		78CE80BA260CEE3C00114487 /* Base */ = {isa = PBXFileReference; lastKnownFileType = file.storyboard; name = Base; path = Base.lproj/Main.storyboard; sourceTree = "<group>"; };
		78CE80BC260CEE4000114487 /* Assets.xcassets */ = {isa = PBXFileReference; lastKnownFileType = folder.assetcatalog; path = Assets.xcassets; sourceTree = "<group>"; };
		78CE80BF260CEE4000114487 /* Base */ = {isa = PBXFileReference; lastKnownFileType = file.storyboard; name = Base; path = Base.lproj/LaunchScreen.storyboard; sourceTree = "<group>"; };
		78CE80C1260CEE4000114487 /* Info.plist */ = {isa = PBXFileReference; lastKnownFileType = text.plist.xml; path = Info.plist; sourceTree = "<group>"; };
		78CE80C8260CF18A00114487 /* OperationViewController.swift */ = {isa = PBXFileReference; lastKnownFileType = sourcecode.swift; path = OperationViewController.swift; sourceTree = "<group>"; };
/* End PBXFileReference section */

/* Begin PBXFrameworksBuildPhase section */
		78CE80AD260CEE3C00114487 /* Frameworks */ = {
			isa = PBXFrameworksBuildPhase;
			buildActionMask = 2147483647;
			files = (
				5F089E8EA776FE688AC226E9 /* Pods_Hackathon20.framework in Frameworks */,
			);
			runOnlyForDeploymentPostprocessing = 0;
		};
/* End PBXFrameworksBuildPhase section */

/* Begin PBXGroup section */
		78CE80A7260CEE3C00114487 = {
			isa = PBXGroup;
			children = (
				78CE80B2260CEE3C00114487 /* Hackathon20 */,
				78CE80B1260CEE3C00114487 /* Products */,
				FE81C853A2D9DA2ADB674748 /* Pods */,
				87AF254F4CC215F487229A5D /* Frameworks */,
			);
			sourceTree = "<group>";
		};
		78CE80B1260CEE3C00114487 /* Products */ = {
			isa = PBXGroup;
			children = (
				78CE80B0260CEE3C00114487 /* Hackathon20.app */,
			);
			name = Products;
			sourceTree = "<group>";
		};
		78CE80B2260CEE3C00114487 /* Hackathon20 */ = {
			isa = PBXGroup;
			children = (
				7857CC9E260DEC0F0069C47B /* Model.swift */,
				78CE80B3260CEE3C00114487 /* AppDelegate.swift */,
				78CE80B5260CEE3C00114487 /* SceneDelegate.swift */,
				78CE80B7260CEE3C00114487 /* ViewController.swift */,
				78CE80C8260CF18A00114487 /* OperationViewController.swift */,
				78CE80B9260CEE3C00114487 /* Main.storyboard */,
				78CE80BC260CEE4000114487 /* Assets.xcassets */,
				78CE80BE260CEE4000114487 /* LaunchScreen.storyboard */,
				78CE80C1260CEE4000114487 /* Info.plist */,
			);
			path = Hackathon20;
			sourceTree = "<group>";
		};
		87AF254F4CC215F487229A5D /* Frameworks */ = {
			isa = PBXGroup;
			children = (
				2328AFBA55EDF57B72AD8A76 /* Pods_Hackathon20.framework */,
			);
			name = Frameworks;
			sourceTree = "<group>";
		};
		FE81C853A2D9DA2ADB674748 /* Pods */ = {
			isa = PBXGroup;
			children = (
				16212DD66EDD31E1E5D2FE1A /* Pods-Hackathon20.debug.xcconfig */,
				2439B9D05A2CF58395C8A997 /* Pods-Hackathon20.release.xcconfig */,
			);
			path = Pods;
			sourceTree = "<group>";
		};
/* End PBXGroup section */

/* Begin PBXNativeTarget section */
		78CE80AF260CEE3C00114487 /* Hackathon20 */ = {
			isa = PBXNativeTarget;
			buildConfigurationList = 78CE80C4260CEE4000114487 /* Build configuration list for PBXNativeTarget "Hackathon20" */;
			buildPhases = (
				3FC88EDFE401E05BC7427F3B /* [CP] Check Pods Manifest.lock */,
				78CE80AC260CEE3C00114487 /* Sources */,
				78CE80AD260CEE3C00114487 /* Frameworks */,
				78CE80AE260CEE3C00114487 /* Resources */,
				8A6218FA059868B166976C11 /* [CP] Embed Pods Frameworks */,
			);
			buildRules = (
			);
			dependencies = (
			);
			name = Hackathon20;
			productName = Hackathon20;
			productReference = 78CE80B0260CEE3C00114487 /* Hackathon20.app */;
			productType = "com.apple.product-type.application";
		};
/* End PBXNativeTarget section */

/* Begin PBXProject section */
		78CE80A8260CEE3C00114487 /* Project object */ = {
			isa = PBXProject;
			attributes = {
				LastSwiftUpdateCheck = 1240;
				LastUpgradeCheck = 1240;
				TargetAttributes = {
					78CE80AF260CEE3C00114487 = {
						CreatedOnToolsVersion = 12.4;
					};
				};
			};
			buildConfigurationList = 78CE80AB260CEE3C00114487 /* Build configuration list for PBXProject "Hackathon20" */;
			compatibilityVersion = "Xcode 9.3";
			developmentRegion = en;
			hasScannedForEncodings = 0;
			knownRegions = (
				en,
				Base,
			);
			mainGroup = 78CE80A7260CEE3C00114487;
			productRefGroup = 78CE80B1260CEE3C00114487 /* Products */;
			projectDirPath = "";
			projectRoot = "";
			targets = (
				78CE80AF260CEE3C00114487 /* Hackathon20 */,
			);
		};
/* End PBXProject section */

/* Begin PBXResourcesBuildPhase section */
		78CE80AE260CEE3C00114487 /* Resources */ = {
			isa = PBXResourcesBuildPhase;
			buildActionMask = 2147483647;
			files = (
				78CE80C0260CEE4000114487 /* LaunchScreen.storyboard in Resources */,
				78CE80BD260CEE4000114487 /* Assets.xcassets in Resources */,
				78CE80BB260CEE3C00114487 /* Main.storyboard in Resources */,
			);
			runOnlyForDeploymentPostprocessing = 0;
		};
/* End PBXResourcesBuildPhase section */

/* Begin PBXShellScriptBuildPhase section */
		3FC88EDFE401E05BC7427F3B /* [CP] Check Pods Manifest.lock */ = {
			isa = PBXShellScriptBuildPhase;
			buildActionMask = 2147483647;
			files = (
			);
			inputFileListPaths = (
			);
			inputPaths = (
				"${PODS_PODFILE_DIR_PATH}/Podfile.lock",
				"${PODS_ROOT}/Manifest.lock",
			);
			name = "[CP] Check Pods Manifest.lock";
			outputFileListPaths = (
			);
			outputPaths = (
				"$(DERIVED_FILE_DIR)/Pods-Hackathon20-checkManifestLockResult.txt",
			);
			runOnlyForDeploymentPostprocessing = 0;
			shellPath = /bin/sh;
			shellScript = "diff \"${PODS_PODFILE_DIR_PATH}/Podfile.lock\" \"${PODS_ROOT}/Manifest.lock\" > /dev/null\nif [ $? != 0 ] ; then\n    # print error to STDERR\n    echo \"error: The sandbox is not in sync with the Podfile.lock. Run 'pod install' or update your CocoaPods installation.\" >&2\n    exit 1\nfi\n# This output is used by Xcode 'outputs' to avoid re-running this script phase.\necho \"SUCCESS\" > \"${SCRIPT_OUTPUT_FILE_0}\"\n";
			showEnvVarsInLog = 0;
		};
		8A6218FA059868B166976C11 /* [CP] Embed Pods Frameworks */ = {
			isa = PBXShellScriptBuildPhase;
			buildActionMask = 2147483647;
			files = (
			);
			inputFileListPaths = (
				"${PODS_ROOT}/Target Support Files/Pods-Hackathon20/Pods-Hackathon20-frameworks-${CONFIGURATION}-input-files.xcfilelist",
			);
			name = "[CP] Embed Pods Frameworks";
			outputFileListPaths = (
				"${PODS_ROOT}/Target Support Files/Pods-Hackathon20/Pods-Hackathon20-frameworks-${CONFIGURATION}-output-files.xcfilelist",
			);
			runOnlyForDeploymentPostprocessing = 0;
			shellPath = /bin/sh;
			shellScript = "\"${PODS_ROOT}/Target Support Files/Pods-Hackathon20/Pods-Hackathon20-frameworks.sh\"\n";
			showEnvVarsInLog = 0;
		};
/* End PBXShellScriptBuildPhase section */

/* Begin PBXSourcesBuildPhase section */
		78CE80AC260CEE3C00114487 /* Sources */ = {
			isa = PBXSourcesBuildPhase;
			buildActionMask = 2147483647;
			files = (
				7857CC9F260DEC0F0069C47B /* Model.swift in Sources */,
				78CE80C9260CF18A00114487 /* OperationViewController.swift in Sources */,
				78CE80B8260CEE3C00114487 /* ViewController.swift in Sources */,
				78CE80B4260CEE3C00114487 /* AppDelegate.swift in Sources */,
				78CE80B6260CEE3C00114487 /* SceneDelegate.swift in Sources */,
			);
			runOnlyForDeploymentPostprocessing = 0;
		};
/* End PBXSourcesBuildPhase section */

/* Begin PBXVariantGroup section */
		78CE80B9260CEE3C00114487 /* Main.storyboard */ = {
			isa = PBXVariantGroup;
			children = (
				78CE80BA260CEE3C00114487 /* Base */,
			);
			name = Main.storyboard;
			sourceTree = "<group>";
		};
		78CE80BE260CEE4000114487 /* LaunchScreen.storyboard */ = {
			isa = PBXVariantGroup;
			children = (
				78CE80BF260CEE4000114487 /* Base */,
			);
			name = LaunchScreen.storyboard;
			sourceTree = "<group>";
		};
/* End PBXVariantGroup section */

/* Begin XCBuildConfiguration section */
		78CE80C2260CEE4000114487 /* Debug */ = {
			isa = XCBuildConfiguration;
			buildSettings = {
				ALWAYS_SEARCH_USER_PATHS = NO;
				CLANG_ANALYZER_NONNULL = YES;
				CLANG_ANALYZER_NUMBER_OBJECT_CONVERSION = YES_AGGRESSIVE;
				CLANG_CXX_LANGUAGE_STANDARD = "gnu++14";
				CLANG_CXX_LIBRARY = "libc++";
				CLANG_ENABLE_MODULES = YES;
				CLANG_ENABLE_OBJC_ARC = YES;
				CLANG_ENABLE_OBJC_WEAK = YES;
				CLANG_WARN_BLOCK_CAPTURE_AUTORELEASING = YES;
				CLANG_WARN_BOOL_CONVERSION = YES;
				CLANG_WARN_COMMA = YES;
				CLANG_WARN_CONSTANT_CONVERSION = YES;
				CLANG_WARN_DEPRECATED_OBJC_IMPLEMENTATIONS = YES;
				CLANG_WARN_DIRECT_OBJC_ISA_USAGE = YES_ERROR;
				CLANG_WARN_DOCUMENTATION_COMMENTS = YES;
				CLANG_WARN_EMPTY_BODY = YES;
				CLANG_WARN_ENUM_CONVERSION = YES;
				CLANG_WARN_INFINITE_RECURSION = YES;
				CLANG_WARN_INT_CONVERSION = YES;
				CLANG_WARN_NON_LITERAL_NULL_CONVERSION = YES;
				CLANG_WARN_OBJC_IMPLICIT_RETAIN_SELF = YES;
				CLANG_WARN_OBJC_LITERAL_CONVERSION = YES;
				CLANG_WARN_OBJC_ROOT_CLASS = YES_ERROR;
				CLANG_WARN_QUOTED_INCLUDE_IN_FRAMEWORK_HEADER = YES;
				CLANG_WARN_RANGE_LOOP_ANALYSIS = YES;
				CLANG_WARN_STRICT_PROTOTYPES = YES;
				CLANG_WARN_SUSPICIOUS_MOVE = YES;
				CLANG_WARN_UNGUARDED_AVAILABILITY = YES_AGGRESSIVE;
				CLANG_WARN_UNREACHABLE_CODE = YES;
				CLANG_WARN__DUPLICATE_METHOD_MATCH = YES;
				COPY_PHASE_STRIP = NO;
				DEBUG_INFORMATION_FORMAT = dwarf;
				ENABLE_STRICT_OBJC_MSGSEND = YES;
				ENABLE_TESTABILITY = YES;
				GCC_C_LANGUAGE_STANDARD = gnu11;
				GCC_DYNAMIC_NO_PIC = NO;
				GCC_NO_COMMON_BLOCKS = YES;
				GCC_OPTIMIZATION_LEVEL = 0;
				GCC_PREPROCESSOR_DEFINITIONS = (
					"DEBUG=1",
					"$(inherited)",
				);
				GCC_WARN_64_TO_32_BIT_CONVERSION = YES;
				GCC_WARN_ABOUT_RETURN_TYPE = YES_ERROR;
				GCC_WARN_UNDECLARED_SELECTOR = YES;
				GCC_WARN_UNINITIALIZED_AUTOS = YES_AGGRESSIVE;
				GCC_WARN_UNUSED_FUNCTION = YES;
				GCC_WARN_UNUSED_VARIABLE = YES;
				IPHONEOS_DEPLOYMENT_TARGET = 14.4;
				MTL_ENABLE_DEBUG_INFO = INCLUDE_SOURCE;
				MTL_FAST_MATH = YES;
				ONLY_ACTIVE_ARCH = YES;
				SDKROOT = iphoneos;
				SWIFT_ACTIVE_COMPILATION_CONDITIONS = DEBUG;
				SWIFT_OPTIMIZATION_LEVEL = "-Onone";
			};
			name = Debug;
		};
		78CE80C3260CEE4000114487 /* Release */ = {
			isa = XCBuildConfiguration;
			buildSettings = {
				ALWAYS_SEARCH_USER_PATHS = NO;
				CLANG_ANALYZER_NONNULL = YES;
				CLANG_ANALYZER_NUMBER_OBJECT_CONVERSION = YES_AGGRESSIVE;
				CLANG_CXX_LANGUAGE_STANDARD = "gnu++14";
				CLANG_CXX_LIBRARY = "libc++";
				CLANG_ENABLE_MODULES = YES;
				CLANG_ENABLE_OBJC_ARC = YES;
				CLANG_ENABLE_OBJC_WEAK = YES;
				CLANG_WARN_BLOCK_CAPTURE_AUTORELEASING = YES;
				CLANG_WARN_BOOL_CONVERSION = YES;
				CLANG_WARN_COMMA = YES;
				CLANG_WARN_CONSTANT_CONVERSION = YES;
				CLANG_WARN_DEPRECATED_OBJC_IMPLEMENTATIONS = YES;
				CLANG_WARN_DIRECT_OBJC_ISA_USAGE = YES_ERROR;
				CLANG_WARN_DOCUMENTATION_COMMENTS = YES;
				CLANG_WARN_EMPTY_BODY = YES;
				CLANG_WARN_ENUM_CONVERSION = YES;
				CLANG_WARN_INFINITE_RECURSION = YES;
				CLANG_WARN_INT_CONVERSION = YES;
				CLANG_WARN_NON_LITERAL_NULL_CONVERSION = YES;
				CLANG_WARN_OBJC_IMPLICIT_RETAIN_SELF = YES;
				CLANG_WARN_OBJC_LITERAL_CONVERSION = YES;
				CLANG_WARN_OBJC_ROOT_CLASS = YES_ERROR;
				CLANG_WARN_QUOTED_INCLUDE_IN_FRAMEWORK_HEADER = YES;
				CLANG_WARN_RANGE_LOOP_ANALYSIS = YES;
				CLANG_WARN_STRICT_PROTOTYPES = YES;
				CLANG_WARN_SUSPICIOUS_MOVE = YES;
				CLANG_WARN_UNGUARDED_AVAILABILITY = YES_AGGRESSIVE;
				CLANG_WARN_UNREACHABLE_CODE = YES;
				CLANG_WARN__DUPLICATE_METHOD_MATCH = YES;
				COPY_PHASE_STRIP = NO;
				DEBUG_INFORMATION_FORMAT = "dwarf-with-dsym";
				ENABLE_NS_ASSERTIONS = NO;
				ENABLE_STRICT_OBJC_MSGSEND = YES;
				GCC_C_LANGUAGE_STANDARD = gnu11;
				GCC_NO_COMMON_BLOCKS = YES;
				GCC_WARN_64_TO_32_BIT_CONVERSION = YES;
				GCC_WARN_ABOUT_RETURN_TYPE = YES_ERROR;
				GCC_WARN_UNDECLARED_SELECTOR = YES;
				GCC_WARN_UNINITIALIZED_AUTOS = YES_AGGRESSIVE;
				GCC_WARN_UNUSED_FUNCTION = YES;
				GCC_WARN_UNUSED_VARIABLE = YES;
				IPHONEOS_DEPLOYMENT_TARGET = 14.4;
				MTL_ENABLE_DEBUG_INFO = NO;
				MTL_FAST_MATH = YES;
				SDKROOT = iphoneos;
				SWIFT_COMPILATION_MODE = wholemodule;
				SWIFT_OPTIMIZATION_LEVEL = "-O";
				VALIDATE_PRODUCT = YES;
			};
			name = Release;
		};
		78CE80C5260CEE4000114487 /* Debug */ = {
			isa = XCBuildConfiguration;
			baseConfigurationReference = 16212DD66EDD31E1E5D2FE1A /* Pods-Hackathon20.debug.xcconfig */;
			buildSettings = {
				ASSETCATALOG_COMPILER_APPICON_NAME = AppIcon;
				ASSETCATALOG_COMPILER_GLOBAL_ACCENT_COLOR_NAME = AccentColor;
				CODE_SIGN_STYLE = Automatic;
				DEVELOPMENT_TEAM = 7G4QKU6FCL;
				INFOPLIST_FILE = Hackathon20/Info.plist;
				LD_RUNPATH_SEARCH_PATHS = (
					"$(inherited)",
					"@executable_path/Frameworks",
				);
				PRODUCT_BUNDLE_IDENTIFIER = ru.Hackathon20;
				PRODUCT_NAME = "$(TARGET_NAME)";
				SWIFT_VERSION = 5.0;
				TARGETED_DEVICE_FAMILY = "1,2";
			};
			name = Debug;
		};
		78CE80C6260CEE4000114487 /* Release */ = {
			isa = XCBuildConfiguration;
			baseConfigurationReference = 2439B9D05A2CF58395C8A997 /* Pods-Hackathon20.release.xcconfig */;
			buildSettings = {
				ASSETCATALOG_COMPILER_APPICON_NAME = AppIcon;
				ASSETCATALOG_COMPILER_GLOBAL_ACCENT_COLOR_NAME = AccentColor;
				CODE_SIGN_STYLE = Automatic;
				DEVELOPMENT_TEAM = 7G4QKU6FCL;
				INFOPLIST_FILE = Hackathon20/Info.plist;
				LD_RUNPATH_SEARCH_PATHS = (
					"$(inherited)",
					"@executable_path/Frameworks",
				);
				PRODUCT_BUNDLE_IDENTIFIER = ru.Hackathon20;
				PRODUCT_NAME = "$(TARGET_NAME)";
				SWIFT_VERSION = 5.0;
				TARGETED_DEVICE_FAMILY = "1,2";
			};
			name = Release;
		};
/* End XCBuildConfiguration section */

/* Begin XCConfigurationList section */
		78CE80AB260CEE3C00114487 /* Build configuration list for PBXProject "Hackathon20" */ = {
			isa = XCConfigurationList;
			buildConfigurations = (
				78CE80C2260CEE4000114487 /* Debug */,
				78CE80C3260CEE4000114487 /* Release */,
			);
			defaultConfigurationIsVisible = 0;
			defaultConfigurationName = Release;
		};
		78CE80C4260CEE4000114487 /* Build configuration list for PBXNativeTarget "Hackathon20" */ = {
			isa = XCConfigurationList;
			buildConfigurations = (
				78CE80C5260CEE4000114487 /* Debug */,
				78CE80C6260CEE4000114487 /* Release */,
			);
			defaultConfigurationIsVisible = 0;
			defaultConfigurationName = Release;
		};
/* End XCConfigurationList section */
	};
	rootObject = 78CE80A8260CEE3C00114487 /* Project object */;
}
